{
  "name": "scalaservice",
  "version": "1.0.0",
  "lockfileVersion": 1,
  "requires": true,
  "dependencies": {
    "serverless-plugin-existing-s3": {
      "version": "2.3.3",
      "resolved": "https://registry.npmjs.org/serverless-plugin-existing-s3/-/serverless-plugin-existing-s3-2.3.3.tgz",
      "integrity": "sha512-bjSdFjx2KwVT5Bws1rxWSGtXP16xxleqzIuSI7gPRs3ZQA62eLSxDYv+FEcKnjA8s/WSDR3jngyJQqVxBiDtxg=="
    }
  }
}
